{
  "pins" : [
    {
      "identity" : "artinstitutechicagonetworking",
      "kind" : "remoteSourceControl",
      "location" : "https://github.com/denisKk/ArtInstituteChicagoNetworking.git",
      "state" : {
        "branch" : "main",
        "revision" : "4ece7907ea3031db43e749886382e1d328859948"
      }
    },
    {
      "identity" : "clevelandmuseumnetworking",
      "kind" : "remoteSourceControl",
      "location" : "https://github.com/denisKk/ClevelandMuseumNetworking.git",
      "state" : {
        "branch" : "main",
        "revision" : "04a1efdffcdef073ec6a828fe8fc461bd67d70e7"
      }
    }
  ],
  "version" : 2
}
